// !$*UTF8*$!
{
	archiveVersion = 1;
	classes = {
	};
	objectVersion = 46;
	objects = {

/* Begin PBXBuildFile section */
		55004C61144C6BF3006A4FA5 /* DdFPadPadPaperTests.m in Sources */ = {isa = PBXBuildFile; fileRef = 55004C60144C6BF3006A4FA5 /* DdFPadPadPaperTests.m */; };
		55004C65144DBB5E006A4FA5 /* DdFPadPadPageTests.m in Sources */ = {isa = PBXBuildFile; fileRef = 55004C64144DBB5E006A4FA5 /* DdFPadPadPageTests.m */; };
		55004C681451B3F6006A4FA5 /* DdFPadPadPagesTest.m in Sources */ = {isa = PBXBuildFile; fileRef = 55004C671451B3F6006A4FA5 /* DdFPadPadPagesTest.m */; };
		55059EB5144304C5003B62A7 /* DdFPadPadPages.m in Sources */ = {isa = PBXBuildFile; fileRef = 55059EB4144304C5003B62A7 /* DdFPadPadPages.m */; };
		55059EB914430B98003B62A7 /* DdFPadPadInkTests.m in Sources */ = {isa = PBXBuildFile; fileRef = 55059EB814430B98003B62A7 /* DdFPadPadInkTests.m */; };
		55059EBF14430ED7003B62A7 /* UIColor+DdFJSON.m in Sources */ = {isa = PBXBuildFile; fileRef = 55059EBE14430ED7003B62A7 /* UIColor+DdFJSON.m */; };
		551872541434A0D3009125A6 /* photo-camera.png in Resources */ = {isa = PBXBuildFile; fileRef = 551872531434A0D3009125A6 /* photo-camera.png */; };
		5518725B1434ABC1009125A6 /* DdFPadPadPage.m in Sources */ = {isa = PBXBuildFile; fileRef = 5518725A1434ABC1009125A6 /* DdFPadPadPage.m */; };
		551872681435D202009125A6 /* DdFPadPadBook.m in Sources */ = {isa = PBXBuildFile; fileRef = 551872671435D202009125A6 /* DdFPadPadBook.m */; };
		5518726B1435D29A009125A6 /* DdFPadPadPageView.m in Sources */ = {isa = PBXBuildFile; fileRef = 5518726A1435D29A009125A6 /* DdFPadPadPageView.m */; };
		5518726D1435D6B5009125A6 /* QuartzCore.framework in Frameworks */ = {isa = PBXBuildFile; fileRef = 5518726C1435D6B5009125A6 /* QuartzCore.framework */; };
		551872701436015E009125A6 /* DdFPadPadPaper.m in Sources */ = {isa = PBXBuildFile; fileRef = 5518726F1436015E009125A6 /* DdFPadPadPaper.m */; };
		5518727714360436009125A6 /* DdFPadPadInk.m in Sources */ = {isa = PBXBuildFile; fileRef = 5518727614360435009125A6 /* DdFPadPadInk.m */; };
		553A669814333A8900503CC7 /* UIKit.framework in Frameworks */ = {isa = PBXBuildFile; fileRef = 553A669714333A8900503CC7 /* UIKit.framework */; };
		553A669A14333A8900503CC7 /* Foundation.framework in Frameworks */ = {isa = PBXBuildFile; fileRef = 553A669914333A8900503CC7 /* Foundation.framework */; };
		553A669C14333A8900503CC7 /* CoreGraphics.framework in Frameworks */ = {isa = PBXBuildFile; fileRef = 553A669B14333A8900503CC7 /* CoreGraphics.framework */; };
		553A66A214333A8900503CC7 /* InfoPlist.strings in Resources */ = {isa = PBXBuildFile; fileRef = 553A66A014333A8900503CC7 /* InfoPlist.strings */; };
		553A66A414333A8900503CC7 /* main.m in Sources */ = {isa = PBXBuildFile; fileRef = 553A66A314333A8900503CC7 /* main.m */; };
		553A66A814333A8900503CC7 /* DdfPadPadAppDelegate.m in Sources */ = {isa = PBXBuildFile; fileRef = 553A66A714333A8900503CC7 /* DdfPadPadAppDelegate.m */; };
		553A66AB14333A8900503CC7 /* DdfPadPadRootViewController.m in Sources */ = {isa = PBXBuildFile; fileRef = 553A66AA14333A8900503CC7 /* DdfPadPadRootViewController.m */; };
		553A66AE14333A8900503CC7 /* DdfPadPadDataViewController.m in Sources */ = {isa = PBXBuildFile; fileRef = 553A66AD14333A8900503CC7 /* DdfPadPadDataViewController.m */; };
		553A66B114333A8900503CC7 /* DdfPadPadModelController.m in Sources */ = {isa = PBXBuildFile; fileRef = 553A66B014333A8900503CC7 /* DdfPadPadModelController.m */; };
		553A66B414333A8900503CC7 /* MainStoryboard.storyboard in Resources */ = {isa = PBXBuildFile; fileRef = 553A66B214333A8900503CC7 /* MainStoryboard.storyboard */; };
		553A66BC14333A8900503CC7 /* SenTestingKit.framework in Frameworks */ = {isa = PBXBuildFile; fileRef = 553A66BB14333A8900503CC7 /* SenTestingKit.framework */; };
		553A66BD14333A8900503CC7 /* UIKit.framework in Frameworks */ = {isa = PBXBuildFile; fileRef = 553A669714333A8900503CC7 /* UIKit.framework */; };
		553A66BE14333A8900503CC7 /* Foundation.framework in Frameworks */ = {isa = PBXBuildFile; fileRef = 553A669914333A8900503CC7 /* Foundation.framework */; };
		553A66C614333A8900503CC7 /* InfoPlist.strings in Resources */ = {isa = PBXBuildFile; fileRef = 553A66C414333A8900503CC7 /* InfoPlist.strings */; };
		559C10581439B8B900FBD055 /* DdFPadPadLine.m in Sources */ = {isa = PBXBuildFile; fileRef = 559C10571439B8B900FBD055 /* DdFPadPadLine.m */; };
		559C105C1439BC4000FBD055 /* DdFPadPadLinePoint.m in Sources */ = {isa = PBXBuildFile; fileRef = 559C105B1439BC4000FBD055 /* DdFPadPadLinePoint.m */; };
		559C10601439BFF800FBD055 /* DdFPadPadLinePointTests.m in Sources */ = {isa = PBXBuildFile; fileRef = 559C105F1439BFF800FBD055 /* DdFPadPadLinePointTests.m */; };
		559C10641439C3BD00FBD055 /* CGDdFPadPadUtilsTests.m in Sources */ = {isa = PBXBuildFile; fileRef = 559C10631439C3BD00FBD055 /* CGDdFPadPadUtilsTests.m */; };
		559C10671439C50800FBD055 /* DdFPadPadLineTests.m in Sources */ = {isa = PBXBuildFile; fileRef = 559C10661439C50800FBD055 /* DdFPadPadLineTests.m */; };
		55D69445143F109400DFE8EF /* DdFPadPadBookRepository.m in Sources */ = {isa = PBXBuildFile; fileRef = 55D69444143F109400DFE8EF /* DdFPadPadBookRepository.m */; };
		55D69449143F5F2D00DFE8EF /* NSMutableArray+DdFPadPadPageOrder.m in Sources */ = {isa = PBXBuildFile; fileRef = 55D69448143F5F2D00DFE8EF /* NSMutableArray+DdFPadPadPageOrder.m */; };
		55D6944F143F61E000DFE8EF /* NSMutableArray+DdFPadPadPagOrderTests.m in Sources */ = {isa = PBXBuildFile; fileRef = 55D6944E143F61E000DFE8EF /* NSMutableArray+DdFPadPadPagOrderTests.m */; };
		55FC97211439FB1600C508F9 /* NSObject+SBJSON.m in Sources */ = {isa = PBXBuildFile; fileRef = 55FC97171439FB1600C508F9 /* NSObject+SBJSON.m */; };
		55FC97221439FB1600C508F9 /* NSString+SBJSON.m in Sources */ = {isa = PBXBuildFile; fileRef = 55FC97191439FB1600C508F9 /* NSString+SBJSON.m */; };
		55FC97231439FB1600C508F9 /* SBJsonBase.m in Sources */ = {isa = PBXBuildFile; fileRef = 55FC971B1439FB1600C508F9 /* SBJsonBase.m */; };
		55FC97241439FB1600C508F9 /* SBJsonParser.m in Sources */ = {isa = PBXBuildFile; fileRef = 55FC971D1439FB1600C508F9 /* SBJsonParser.m */; };
		55FC97251439FB1600C508F9 /* SBJsonWriter.m in Sources */ = {isa = PBXBuildFile; fileRef = 55FC971F1439FB1600C508F9 /* SBJsonWriter.m */; };
		55FC97281439FCDC00C508F9 /* DdFPadPadBookInfo.m in Sources */ = {isa = PBXBuildFile; fileRef = 55FC97271439FCDC00C508F9 /* DdFPadPadBookInfo.m */; };
		55FC972C143A05BC00C508F9 /* DdFStringUtils.m in Sources */ = {isa = PBXBuildFile; fileRef = 55FC972B143A05BC00C508F9 /* DdFStringUtils.m */; };
		55FC972F143A088F00C508F9 /* DdFTimeSource.m in Sources */ = {isa = PBXBuildFile; fileRef = 55FC972E143A088F00C508F9 /* DdFTimeSource.m */; };
		55FC9732143A099100C508F9 /* DdFPadPadBookInfoTests.m in Sources */ = {isa = PBXBuildFile; fileRef = 55FC9731143A099100C508F9 /* DdFPadPadBookInfoTests.m */; };
		55FC9739143B1A4300C508F9 /* NSDate+DdFFormattingTests.m in Sources */ = {isa = PBXBuildFile; fileRef = 55FC9738143B1A4300C508F9 /* NSDate+DdFFormattingTests.m */; };
		55FC973A143B1A4D00C508F9 /* NSDate+DdFFormatting.m in Sources */ = {isa = PBXBuildFile; fileRef = 55FC9734143B189A00C508F9 /* NSDate+DdFFormatting.m */; };
		55FF877D143DC6FE00807691 /* DdFPadPadBookTests.m in Sources */ = {isa = PBXBuildFile; fileRef = 55FF877C143DC6FE00807691 /* DdFPadPadBookTests.m */; };
		55FF8787143DF97700807691 /* DdFPadPadCloudValueStore.m in Sources */ = {isa = PBXBuildFile; fileRef = 55FF8786143DF97700807691 /* DdFPadPadCloudValueStore.m */; };
		55FF878E1443131400807691 /* UIColor+DdFJSONTests.m in Sources */ = {isa = PBXBuildFile; fileRef = 55FF878D1443131400807691 /* UIColor+DdFJSONTests.m */; };
		55FF87921443185600807691 /* NSString+DdFJSON.m in Sources */ = {isa = PBXBuildFile; fileRef = 55FF87911443185600807691 /* NSString+DdFJSON.m */; };
		55FF879514431B8200807691 /* NSString+DdFJSONTests.m in Sources */ = {isa = PBXBuildFile; fileRef = 55FF879414431B8200807691 /* NSString+DdFJSONTests.m */; };
		55FF8798144329D700807691 /* NSDictionary+DdFJSON.m in Sources */ = {isa = PBXBuildFile; fileRef = 55FF8797144329D700807691 /* NSDictionary+DdFJSON.m */; };
		55FF879C144335BB00807691 /* DdFCGUtilsTests.m in Sources */ = {isa = PBXBuildFile; fileRef = 55FF879B144335BB00807691 /* DdFCGUtilsTests.m */; };
		55FF87A71445958E00807691 /* DdFPadPadPageLineInformation.m in Sources */ = {isa = PBXBuildFile; fileRef = 55FF87A61445958E00807691 /* DdFPadPadPageLineInformation.m */; };
		55FF87AB14459B2D00807691 /* DdFPadPadPageLineInformationTests.m in Sources */ = {isa = PBXBuildFile; fileRef = 55FF87AA14459B2D00807691 /* DdFPadPadPageLineInformationTests.m */; };
/* End PBXBuildFile section */

/* Begin PBXContainerItemProxy section */
		553A66BF14333A8900503CC7 /* PBXContainerItemProxy */ = {
			isa = PBXContainerItemProxy;
			containerPortal = 553A668A14333A8900503CC7 /* Project object */;
			proxyType = 1;
			remoteGlobalIDString = 553A669214333A8900503CC7;
			remoteInfo = PadPad;
		};
/* End PBXContainerItemProxy section */

/* Begin PBXFileReference section */
		55004C5F144C6BF3006A4FA5 /* DdFPadPadPaperTests.h */ = {isa = PBXFileReference; fileEncoding = 4; lastKnownFileType = sourcecode.c.h; path = DdFPadPadPaperTests.h; sourceTree = "<group>"; };
		55004C60144C6BF3006A4FA5 /* DdFPadPadPaperTests.m */ = {isa = PBXFileReference; fileEncoding = 4; lastKnownFileType = sourcecode.c.objc; path = DdFPadPadPaperTests.m; sourceTree = "<group>"; };
		55004C63144DBB5E006A4FA5 /* DdFPadPadPageTests.h */ = {isa = PBXFileReference; fileEncoding = 4; lastKnownFileType = sourcecode.c.h; path = DdFPadPadPageTests.h; sourceTree = "<group>"; };
		55004C64144DBB5E006A4FA5 /* DdFPadPadPageTests.m */ = {isa = PBXFileReference; fileEncoding = 4; lastKnownFileType = sourcecode.c.objc; path = DdFPadPadPageTests.m; sourceTree = "<group>"; };
		55004C661451B3F5006A4FA5 /* DdFPadPadPagesTest.h */ = {isa = PBXFileReference; fileEncoding = 4; lastKnownFileType = sourcecode.c.h; path = DdFPadPadPagesTest.h; sourceTree = "<group>"; };
		55004C671451B3F6006A4FA5 /* DdFPadPadPagesTest.m */ = {isa = PBXFileReference; fileEncoding = 4; lastKnownFileType = sourcecode.c.objc; path = DdFPadPadPagesTest.m; sourceTree = "<group>"; };
		55059EB3144304C5003B62A7 /* DdFPadPadPages.h */ = {isa = PBXFileReference; fileEncoding = 4; lastKnownFileType = sourcecode.c.h; path = DdFPadPadPages.h; sourceTree = "<group>"; };
		55059EB4144304C5003B62A7 /* DdFPadPadPages.m */ = {isa = PBXFileReference; fileEncoding = 4; lastKnownFileType = sourcecode.c.objc; path = DdFPadPadPages.m; sourceTree = "<group>"; };
		55059EB714430B97003B62A7 /* DdFPadPadInkTests.h */ = {isa = PBXFileReference; fileEncoding = 4; lastKnownFileType = sourcecode.c.h; path = DdFPadPadInkTests.h; sourceTree = "<group>"; };
		55059EB814430B98003B62A7 /* DdFPadPadInkTests.m */ = {isa = PBXFileReference; fileEncoding = 4; lastKnownFileType = sourcecode.c.objc; path = DdFPadPadInkTests.m; sourceTree = "<group>"; };
		55059EBD14430ED7003B62A7 /* UIColor+DdFJSON.h */ = {isa = PBXFileReference; fileEncoding = 4; lastKnownFileType = sourcecode.c.h; path = "UIColor+DdFJSON.h"; sourceTree = "<group>"; };
		55059EBE14430ED7003B62A7 /* UIColor+DdFJSON.m */ = {isa = PBXFileReference; fileEncoding = 4; lastKnownFileType = sourcecode.c.objc; path = "UIColor+DdFJSON.m"; sourceTree = "<group>"; };
		551872531434A0D3009125A6 /* photo-camera.png */ = {isa = PBXFileReference; lastKnownFileType = image.png; path = "photo-camera.png"; sourceTree = "<group>"; };
		551872591434ABC1009125A6 /* DdFPadPadPage.h */ = {isa = PBXFileReference; fileEncoding = 4; lastKnownFileType = sourcecode.c.h; path = DdFPadPadPage.h; sourceTree = "<group>"; };
		5518725A1434ABC1009125A6 /* DdFPadPadPage.m */ = {isa = PBXFileReference; fileEncoding = 4; lastKnownFileType = sourcecode.c.objc; path = DdFPadPadPage.m; sourceTree = "<group>"; };
		551872661435D202009125A6 /* DdFPadPadBook.h */ = {isa = PBXFileReference; fileEncoding = 4; lastKnownFileType = sourcecode.c.h; path = DdFPadPadBook.h; sourceTree = "<group>"; };
		551872671435D202009125A6 /* DdFPadPadBook.m */ = {isa = PBXFileReference; fileEncoding = 4; lastKnownFileType = sourcecode.c.objc; path = DdFPadPadBook.m; sourceTree = "<group>"; };
		551872691435D29A009125A6 /* DdFPadPadPageView.h */ = {isa = PBXFileReference; fileEncoding = 4; lastKnownFileType = sourcecode.c.h; path = DdFPadPadPageView.h; sourceTree = "<group>"; };
		5518726A1435D29A009125A6 /* DdFPadPadPageView.m */ = {isa = PBXFileReference; fileEncoding = 4; lastKnownFileType = sourcecode.c.objc; path = DdFPadPadPageView.m; sourceTree = "<group>"; };
		5518726C1435D6B5009125A6 /* QuartzCore.framework */ = {isa = PBXFileReference; lastKnownFileType = wrapper.framework; name = QuartzCore.framework; path = System/Library/Frameworks/QuartzCore.framework; sourceTree = SDKROOT; };
		5518726E1436015E009125A6 /* DdFPadPadPaper.h */ = {isa = PBXFileReference; fileEncoding = 4; lastKnownFileType = sourcecode.c.h; path = DdFPadPadPaper.h; sourceTree = "<group>"; };
		5518726F1436015E009125A6 /* DdFPadPadPaper.m */ = {isa = PBXFileReference; fileEncoding = 4; lastKnownFileType = sourcecode.c.objc; path = DdFPadPadPaper.m; sourceTree = "<group>"; };
		5518727514360435009125A6 /* DdFPadPadInk.h */ = {isa = PBXFileReference; fileEncoding = 4; lastKnownFileType = sourcecode.c.h; path = DdFPadPadInk.h; sourceTree = "<group>"; };
		5518727614360435009125A6 /* DdFPadPadInk.m */ = {isa = PBXFileReference; fileEncoding = 4; lastKnownFileType = sourcecode.c.objc; path = DdFPadPadInk.m; sourceTree = "<group>"; };
		553A669314333A8900503CC7 /* PadPad.app */ = {isa = PBXFileReference; explicitFileType = wrapper.application; includeInIndex = 0; path = PadPad.app; sourceTree = BUILT_PRODUCTS_DIR; };
		553A669714333A8900503CC7 /* UIKit.framework */ = {isa = PBXFileReference; lastKnownFileType = wrapper.framework; name = UIKit.framework; path = System/Library/Frameworks/UIKit.framework; sourceTree = SDKROOT; };
		553A669914333A8900503CC7 /* Foundation.framework */ = {isa = PBXFileReference; lastKnownFileType = wrapper.framework; name = Foundation.framework; path = System/Library/Frameworks/Foundation.framework; sourceTree = SDKROOT; };
		553A669B14333A8900503CC7 /* CoreGraphics.framework */ = {isa = PBXFileReference; lastKnownFileType = wrapper.framework; name = CoreGraphics.framework; path = System/Library/Frameworks/CoreGraphics.framework; sourceTree = SDKROOT; };
		553A669F14333A8900503CC7 /* PadPad-Info.plist */ = {isa = PBXFileReference; lastKnownFileType = text.plist.xml; path = "PadPad-Info.plist"; sourceTree = "<group>"; };
		553A66A114333A8900503CC7 /* en */ = {isa = PBXFileReference; lastKnownFileType = text.plist.strings; name = en; path = en.lproj/InfoPlist.strings; sourceTree = "<group>"; };
		553A66A314333A8900503CC7 /* main.m */ = {isa = PBXFileReference; lastKnownFileType = sourcecode.c.objc; path = main.m; sourceTree = "<group>"; };
		553A66A514333A8900503CC7 /* PadPad-Prefix.pch */ = {isa = PBXFileReference; lastKnownFileType = sourcecode.c.h; path = "PadPad-Prefix.pch"; sourceTree = "<group>"; };
		553A66A614333A8900503CC7 /* DdfPadPadAppDelegate.h */ = {isa = PBXFileReference; lastKnownFileType = sourcecode.c.h; path = DdfPadPadAppDelegate.h; sourceTree = "<group>"; };
		553A66A714333A8900503CC7 /* DdfPadPadAppDelegate.m */ = {isa = PBXFileReference; lastKnownFileType = sourcecode.c.objc; path = DdfPadPadAppDelegate.m; sourceTree = "<group>"; };
		553A66A914333A8900503CC7 /* DdfPadPadRootViewController.h */ = {isa = PBXFileReference; lastKnownFileType = sourcecode.c.h; path = DdfPadPadRootViewController.h; sourceTree = "<group>"; };
		553A66AA14333A8900503CC7 /* DdfPadPadRootViewController.m */ = {isa = PBXFileReference; lastKnownFileType = sourcecode.c.objc; path = DdfPadPadRootViewController.m; sourceTree = "<group>"; };
		553A66AC14333A8900503CC7 /* DdfPadPadDataViewController.h */ = {isa = PBXFileReference; lastKnownFileType = sourcecode.c.h; path = DdfPadPadDataViewController.h; sourceTree = "<group>"; };
		553A66AD14333A8900503CC7 /* DdfPadPadDataViewController.m */ = {isa = PBXFileReference; lastKnownFileType = sourcecode.c.objc; path = DdfPadPadDataViewController.m; sourceTree = "<group>"; };
		553A66AF14333A8900503CC7 /* DdfPadPadModelController.h */ = {isa = PBXFileReference; lastKnownFileType = sourcecode.c.h; path = DdfPadPadModelController.h; sourceTree = "<group>"; };
		553A66B014333A8900503CC7 /* DdfPadPadModelController.m */ = {isa = PBXFileReference; lastKnownFileType = sourcecode.c.objc; path = DdfPadPadModelController.m; sourceTree = "<group>"; };
		553A66B314333A8900503CC7 /* en */ = {isa = PBXFileReference; lastKnownFileType = file.storyboard; name = en; path = en.lproj/MainStoryboard.storyboard; sourceTree = "<group>"; };
		553A66BA14333A8900503CC7 /* PadPadTests.octest */ = {isa = PBXFileReference; explicitFileType = wrapper.cfbundle; includeInIndex = 0; path = PadPadTests.octest; sourceTree = BUILT_PRODUCTS_DIR; };
		553A66BB14333A8900503CC7 /* SenTestingKit.framework */ = {isa = PBXFileReference; lastKnownFileType = wrapper.framework; name = SenTestingKit.framework; path = Library/Frameworks/SenTestingKit.framework; sourceTree = DEVELOPER_DIR; };
		553A66C314333A8900503CC7 /* PadPadTests-Info.plist */ = {isa = PBXFileReference; lastKnownFileType = text.plist.xml; path = "PadPadTests-Info.plist"; sourceTree = "<group>"; };
		553A66C514333A8900503CC7 /* en */ = {isa = PBXFileReference; lastKnownFileType = text.plist.strings; name = en; path = en.lproj/InfoPlist.strings; sourceTree = "<group>"; };
		559C10561439B8B900FBD055 /* DdFPadPadLine.h */ = {isa = PBXFileReference; fileEncoding = 4; lastKnownFileType = sourcecode.c.h; path = DdFPadPadLine.h; sourceTree = "<group>"; };
		559C10571439B8B900FBD055 /* DdFPadPadLine.m */ = {isa = PBXFileReference; fileEncoding = 4; lastKnownFileType = sourcecode.c.objc; path = DdFPadPadLine.m; sourceTree = "<group>"; };
		559C105A1439BC4000FBD055 /* DdFPadPadLinePoint.h */ = {isa = PBXFileReference; fileEncoding = 4; lastKnownFileType = sourcecode.c.h; path = DdFPadPadLinePoint.h; sourceTree = "<group>"; };
		559C105B1439BC4000FBD055 /* DdFPadPadLinePoint.m */ = {isa = PBXFileReference; fileEncoding = 4; lastKnownFileType = sourcecode.c.objc; path = DdFPadPadLinePoint.m; sourceTree = "<group>"; };
		559C105E1439BFF800FBD055 /* DdFPadPadLinePointTests.h */ = {isa = PBXFileReference; fileEncoding = 4; lastKnownFileType = sourcecode.c.h; path = DdFPadPadLinePointTests.h; sourceTree = "<group>"; };
		559C105F1439BFF800FBD055 /* DdFPadPadLinePointTests.m */ = {isa = PBXFileReference; fileEncoding = 4; lastKnownFileType = sourcecode.c.objc; path = DdFPadPadLinePointTests.m; sourceTree = "<group>"; };
		559C10611439C15500FBD055 /* CGDdFPadPadUtils.h */ = {isa = PBXFileReference; fileEncoding = 4; lastKnownFileType = sourcecode.c.h; path = CGDdFPadPadUtils.h; sourceTree = "<group>"; };
		559C10621439C3BD00FBD055 /* CGDdFPadPadUtilsTests.h */ = {isa = PBXFileReference; fileEncoding = 4; lastKnownFileType = sourcecode.c.h; path = CGDdFPadPadUtilsTests.h; sourceTree = "<group>"; };
		559C10631439C3BD00FBD055 /* CGDdFPadPadUtilsTests.m */ = {isa = PBXFileReference; fileEncoding = 4; lastKnownFileType = sourcecode.c.objc; path = CGDdFPadPadUtilsTests.m; sourceTree = "<group>"; };
		559C10651439C50800FBD055 /* DdFPadPadLineTests.h */ = {isa = PBXFileReference; fileEncoding = 4; lastKnownFileType = sourcecode.c.h; path = DdFPadPadLineTests.h; sourceTree = "<group>"; };
		559C10661439C50800FBD055 /* DdFPadPadLineTests.m */ = {isa = PBXFileReference; fileEncoding = 4; lastKnownFileType = sourcecode.c.objc; path = DdFPadPadLineTests.m; sourceTree = "<group>"; };
		55D69443143F109400DFE8EF /* DdFPadPadBookRepository.h */ = {isa = PBXFileReference; fileEncoding = 4; lastKnownFileType = sourcecode.c.h; path = DdFPadPadBookRepository.h; sourceTree = "<group>"; };
		55D69444143F109400DFE8EF /* DdFPadPadBookRepository.m */ = {isa = PBXFileReference; fileEncoding = 4; lastKnownFileType = sourcecode.c.objc; path = DdFPadPadBookRepository.m; sourceTree = "<group>"; };
		55D69447143F5F2D00DFE8EF /* NSMutableArray+DdFPadPadPageOrder.h */ = {isa = PBXFileReference; fileEncoding = 4; lastKnownFileType = sourcecode.c.h; path = "NSMutableArray+DdFPadPadPageOrder.h"; sourceTree = "<group>"; };
		55D69448143F5F2D00DFE8EF /* NSMutableArray+DdFPadPadPageOrder.m */ = {isa = PBXFileReference; fileEncoding = 4; lastKnownFileType = sourcecode.c.objc; path = "NSMutableArray+DdFPadPadPageOrder.m"; sourceTree = "<group>"; };
		55D6944D143F61E000DFE8EF /* NSMutableArray+DdFPadPadPagOrderTests.h */ = {isa = PBXFileReference; fileEncoding = 4; lastKnownFileType = sourcecode.c.h; path = "NSMutableArray+DdFPadPadPagOrderTests.h"; sourceTree = "<group>"; };
		55D6944E143F61E000DFE8EF /* NSMutableArray+DdFPadPadPagOrderTests.m */ = {isa = PBXFileReference; fileEncoding = 4; lastKnownFileType = sourcecode.c.objc; path = "NSMutableArray+DdFPadPadPagOrderTests.m"; sourceTree = "<group>"; };
		55FC97131439FB1600C508F9 /* JSON.h */ = {isa = PBXFileReference; fileEncoding = 4; lastKnownFileType = sourcecode.c.h; path = JSON.h; sourceTree = "<group>"; };
		55FC97161439FB1600C508F9 /* NSObject+SBJSON.h */ = {isa = PBXFileReference; fileEncoding = 4; lastKnownFileType = sourcecode.c.h; path = "NSObject+SBJSON.h"; sourceTree = "<group>"; };
		55FC97171439FB1600C508F9 /* NSObject+SBJSON.m */ = {isa = PBXFileReference; fileEncoding = 4; lastKnownFileType = sourcecode.c.objc; path = "NSObject+SBJSON.m"; sourceTree = "<group>"; };
		55FC97181439FB1600C508F9 /* NSString+SBJSON.h */ = {isa = PBXFileReference; fileEncoding = 4; lastKnownFileType = sourcecode.c.h; path = "NSString+SBJSON.h"; sourceTree = "<group>"; };
		55FC97191439FB1600C508F9 /* NSString+SBJSON.m */ = {isa = PBXFileReference; fileEncoding = 4; lastKnownFileType = sourcecode.c.objc; path = "NSString+SBJSON.m"; sourceTree = "<group>"; };
		55FC971A1439FB1600C508F9 /* SBJsonBase.h */ = {isa = PBXFileReference; fileEncoding = 4; lastKnownFileType = sourcecode.c.h; path = SBJsonBase.h; sourceTree = "<group>"; };
		55FC971B1439FB1600C508F9 /* SBJsonBase.m */ = {isa = PBXFileReference; fileEncoding = 4; lastKnownFileType = sourcecode.c.objc; path = SBJsonBase.m; sourceTree = "<group>"; };
		55FC971C1439FB1600C508F9 /* SBJsonParser.h */ = {isa = PBXFileReference; fileEncoding = 4; lastKnownFileType = sourcecode.c.h; path = SBJsonParser.h; sourceTree = "<group>"; };
		55FC971D1439FB1600C508F9 /* SBJsonParser.m */ = {isa = PBXFileReference; fileEncoding = 4; lastKnownFileType = sourcecode.c.objc; path = SBJsonParser.m; sourceTree = "<group>"; };
		55FC971E1439FB1600C508F9 /* SBJsonWriter.h */ = {isa = PBXFileReference; fileEncoding = 4; lastKnownFileType = sourcecode.c.h; path = SBJsonWriter.h; sourceTree = "<group>"; };
		55FC971F1439FB1600C508F9 /* SBJsonWriter.m */ = {isa = PBXFileReference; fileEncoding = 4; lastKnownFileType = sourcecode.c.objc; path = SBJsonWriter.m; sourceTree = "<group>"; };
		55FC97261439FCDC00C508F9 /* DdFPadPadBookInfo.h */ = {isa = PBXFileReference; fileEncoding = 4; lastKnownFileType = sourcecode.c.h; path = DdFPadPadBookInfo.h; sourceTree = "<group>"; };
		55FC97271439FCDC00C508F9 /* DdFPadPadBookInfo.m */ = {isa = PBXFileReference; fileEncoding = 4; lastKnownFileType = sourcecode.c.objc; path = DdFPadPadBookInfo.m; sourceTree = "<group>"; };
		55FC972A143A05BC00C508F9 /* DdFStringUtils.h */ = {isa = PBXFileReference; fileEncoding = 4; lastKnownFileType = sourcecode.c.h; path = DdFStringUtils.h; sourceTree = "<group>"; };
		55FC972B143A05BC00C508F9 /* DdFStringUtils.m */ = {isa = PBXFileReference; fileEncoding = 4; lastKnownFileType = sourcecode.c.objc; path = DdFStringUtils.m; sourceTree = "<group>"; };
		55FC972D143A088F00C508F9 /* DdFTimeSource.h */ = {isa = PBXFileReference; fileEncoding = 4; lastKnownFileType = sourcecode.c.h; path = DdFTimeSource.h; sourceTree = "<group>"; };
		55FC972E143A088F00C508F9 /* DdFTimeSource.m */ = {isa = PBXFileReference; fileEncoding = 4; lastKnownFileType = sourcecode.c.objc; path = DdFTimeSource.m; sourceTree = "<group>"; };
		55FC9730143A099100C508F9 /* DdFPadPadBookInfoTests.h */ = {isa = PBXFileReference; fileEncoding = 4; lastKnownFileType = sourcecode.c.h; path = DdFPadPadBookInfoTests.h; sourceTree = "<group>"; };
		55FC9731143A099100C508F9 /* DdFPadPadBookInfoTests.m */ = {isa = PBXFileReference; fileEncoding = 4; lastKnownFileType = sourcecode.c.objc; path = DdFPadPadBookInfoTests.m; sourceTree = "<group>"; };
		55FC9733143B189A00C508F9 /* NSDate+DdFFormatting.h */ = {isa = PBXFileReference; fileEncoding = 4; lastKnownFileType = sourcecode.c.h; path = "NSDate+DdFFormatting.h"; sourceTree = "<group>"; };
		55FC9734143B189A00C508F9 /* NSDate+DdFFormatting.m */ = {isa = PBXFileReference; fileEncoding = 4; lastKnownFileType = sourcecode.c.objc; path = "NSDate+DdFFormatting.m"; sourceTree = "<group>"; };
		55FC9737143B1A4300C508F9 /* NSDate+DdFFormattingTests.h */ = {isa = PBXFileReference; fileEncoding = 4; lastKnownFileType = sourcecode.c.h; path = "NSDate+DdFFormattingTests.h"; sourceTree = "<group>"; };
		55FC9738143B1A4300C508F9 /* NSDate+DdFFormattingTests.m */ = {isa = PBXFileReference; fileEncoding = 4; lastKnownFileType = sourcecode.c.objc; path = "NSDate+DdFFormattingTests.m"; sourceTree = "<group>"; };
		55FF877B143DC6FE00807691 /* DdFPadPadBookTests.h */ = {isa = PBXFileReference; fileEncoding = 4; lastKnownFileType = sourcecode.c.h; path = DdFPadPadBookTests.h; sourceTree = "<group>"; };
		55FF877C143DC6FE00807691 /* DdFPadPadBookTests.m */ = {isa = PBXFileReference; fileEncoding = 4; lastKnownFileType = sourcecode.c.objc; path = DdFPadPadBookTests.m; sourceTree = "<group>"; };
		55FF877F143DE32000807691 /* PadPad.entitlements */ = {isa = PBXFileReference; lastKnownFileType = text.xml; path = PadPad.entitlements; sourceTree = "<group>"; };
		55FF8785143DF97600807691 /* DdFPadPadCloudValueStore.h */ = {isa = PBXFileReference; fileEncoding = 4; lastKnownFileType = sourcecode.c.h; path = DdFPadPadCloudValueStore.h; sourceTree = "<group>"; };
		55FF8786143DF97700807691 /* DdFPadPadCloudValueStore.m */ = {isa = PBXFileReference; fileEncoding = 4; lastKnownFileType = sourcecode.c.objc; path = DdFPadPadCloudValueStore.m; sourceTree = "<group>"; };
		55FF878C1443131400807691 /* UIColor+DdFJSONTests.h */ = {isa = PBXFileReference; fileEncoding = 4; lastKnownFileType = sourcecode.c.h; path = "UIColor+DdFJSONTests.h"; sourceTree = "<group>"; };
		55FF878D1443131400807691 /* UIColor+DdFJSONTests.m */ = {isa = PBXFileReference; fileEncoding = 4; lastKnownFileType = sourcecode.c.objc; path = "UIColor+DdFJSONTests.m"; sourceTree = "<group>"; };
		55FF87901443185600807691 /* NSString+DdFJSON.h */ = {isa = PBXFileReference; fileEncoding = 4; lastKnownFileType = sourcecode.c.h; path = "NSString+DdFJSON.h"; sourceTree = "<group>"; };
		55FF87911443185600807691 /* NSString+DdFJSON.m */ = {isa = PBXFileReference; fileEncoding = 4; lastKnownFileType = sourcecode.c.objc; path = "NSString+DdFJSON.m"; sourceTree = "<group>"; };
		55FF879314431B8200807691 /* NSString+DdFJSONTests.h */ = {isa = PBXFileReference; fileEncoding = 4; lastKnownFileType = sourcecode.c.h; path = "NSString+DdFJSONTests.h"; sourceTree = "<group>"; };
		55FF879414431B8200807691 /* NSString+DdFJSONTests.m */ = {isa = PBXFileReference; fileEncoding = 4; lastKnownFileType = sourcecode.c.objc; path = "NSString+DdFJSONTests.m"; sourceTree = "<group>"; };
		55FF8796144329D700807691 /* NSDictionary+DdFJSON.h */ = {isa = PBXFileReference; fileEncoding = 4; lastKnownFileType = sourcecode.c.h; path = "NSDictionary+DdFJSON.h"; sourceTree = "<group>"; };
		55FF8797144329D700807691 /* NSDictionary+DdFJSON.m */ = {isa = PBXFileReference; fileEncoding = 4; lastKnownFileType = sourcecode.c.objc; path = "NSDictionary+DdFJSON.m"; sourceTree = "<group>"; };
		55FF87991443346300807691 /* DdFCGUtils.h */ = {isa = PBXFileReference; fileEncoding = 4; lastKnownFileType = sourcecode.c.h; path = DdFCGUtils.h; sourceTree = "<group>"; };
		55FF879A144335BB00807691 /* DdFCGUtilsTests.h */ = {isa = PBXFileReference; fileEncoding = 4; lastKnownFileType = sourcecode.c.h; path = DdFCGUtilsTests.h; sourceTree = "<group>"; };
		55FF879B144335BB00807691 /* DdFCGUtilsTests.m */ = {isa = PBXFileReference; fileEncoding = 4; lastKnownFileType = sourcecode.c.objc; path = DdFCGUtilsTests.m; sourceTree = "<group>"; };
		55FF87A51445958E00807691 /* DdFPadPadPageLineInformation.h */ = {isa = PBXFileReference; fileEncoding = 4; lastKnownFileType = sourcecode.c.h; path = DdFPadPadPageLineInformation.h; sourceTree = "<group>"; };
		55FF87A61445958E00807691 /* DdFPadPadPageLineInformation.m */ = {isa = PBXFileReference; fileEncoding = 4; lastKnownFileType = sourcecode.c.objc; path = DdFPadPadPageLineInformation.m; sourceTree = "<group>"; };
		55FF87A914459B2D00807691 /* DdFPadPadPageLineInformationTests.h */ = {isa = PBXFileReference; fileEncoding = 4; lastKnownFileType = sourcecode.c.h; path = DdFPadPadPageLineInformationTests.h; sourceTree = "<group>"; };
		55FF87AA14459B2D00807691 /* DdFPadPadPageLineInformationTests.m */ = {isa = PBXFileReference; fileEncoding = 4; lastKnownFileType = sourcecode.c.objc; path = DdFPadPadPageLineInformationTests.m; sourceTree = "<group>"; };
/* End PBXFileReference section */

/* Begin PBXFrameworksBuildPhase section */
		553A669014333A8900503CC7 /* Frameworks */ = {
			isa = PBXFrameworksBuildPhase;
			buildActionMask = 2147483647;
			files = (
				5518726D1435D6B5009125A6 /* QuartzCore.framework in Frameworks */,
				553A669814333A8900503CC7 /* UIKit.framework in Frameworks */,
				553A669A14333A8900503CC7 /* Foundation.framework in Frameworks */,
				553A669C14333A8900503CC7 /* CoreGraphics.framework in Frameworks */,
			);
			runOnlyForDeploymentPostprocessing = 0;
		};
		553A66B614333A8900503CC7 /* Frameworks */ = {
			isa = PBXFrameworksBuildPhase;
			buildActionMask = 2147483647;
			files = (
				553A66BC14333A8900503CC7 /* SenTestingKit.framework in Frameworks */,
				553A66BD14333A8900503CC7 /* UIKit.framework in Frameworks */,
				553A66BE14333A8900503CC7 /* Foundation.framework in Frameworks */,
			);
			runOnlyForDeploymentPostprocessing = 0;
		};
/* End PBXFrameworksBuildPhase section */

/* Begin PBXGroup section */
		551872511434A07E009125A6 /* Assets */ = {
			isa = PBXGroup;
			children = (
				551872531434A0D3009125A6 /* photo-camera.png */,
			);
			path = Assets;
			sourceTree = "<group>";
		};
		551872551434A2BA009125A6 /* Controllers */ = {
			isa = PBXGroup;
			children = (
				553A66AC14333A8900503CC7 /* DdfPadPadDataViewController.h */,
				553A66AD14333A8900503CC7 /* DdfPadPadDataViewController.m */,
				553A66AF14333A8900503CC7 /* DdfPadPadModelController.h */,
				553A66B014333A8900503CC7 /* DdfPadPadModelController.m */,
				553A66A914333A8900503CC7 /* DdfPadPadRootViewController.h */,
				553A66AA14333A8900503CC7 /* DdfPadPadRootViewController.m */,
			);
			name = Controllers;
			sourceTree = "<group>";
		};
		551872561434A2D3009125A6 /* Application */ = {
			isa = PBXGroup;
			children = (
				553A66A614333A8900503CC7 /* DdfPadPadAppDelegate.h */,
				553A66A714333A8900503CC7 /* DdfPadPadAppDelegate.m */,
				553A66B214333A8900503CC7 /* MainStoryboard.storyboard */,
			);
			name = Application;
			sourceTree = "<group>";
		};
		551872571434A2EC009125A6 /* Model */ = {
			isa = PBXGroup;
			children = (
				559C10611439C15500FBD055 /* CGDdFPadPadUtils.h */,
				551872661435D202009125A6 /* DdFPadPadBook.h */,
				551872671435D202009125A6 /* DdFPadPadBook.m */,
				55FC97261439FCDC00C508F9 /* DdFPadPadBookInfo.h */,
				55FC97271439FCDC00C508F9 /* DdFPadPadBookInfo.m */,
				55D69443143F109400DFE8EF /* DdFPadPadBookRepository.h */,
				55D69444143F109400DFE8EF /* DdFPadPadBookRepository.m */,
				55FF8785143DF97600807691 /* DdFPadPadCloudValueStore.h */,
				55FF8786143DF97700807691 /* DdFPadPadCloudValueStore.m */,
				5518727514360435009125A6 /* DdFPadPadInk.h */,
				5518727614360435009125A6 /* DdFPadPadInk.m */,
				559C10561439B8B900FBD055 /* DdFPadPadLine.h */,
				559C10571439B8B900FBD055 /* DdFPadPadLine.m */,
				559C105A1439BC4000FBD055 /* DdFPadPadLinePoint.h */,
				559C105B1439BC4000FBD055 /* DdFPadPadLinePoint.m */,
				551872591434ABC1009125A6 /* DdFPadPadPage.h */,
				5518725A1434ABC1009125A6 /* DdFPadPadPage.m */,
				55059EB3144304C5003B62A7 /* DdFPadPadPages.h */,
				55059EB4144304C5003B62A7 /* DdFPadPadPages.m */,
				5518726E1436015E009125A6 /* DdFPadPadPaper.h */,
				5518726F1436015E009125A6 /* DdFPadPadPaper.m */,
				55D69447143F5F2D00DFE8EF /* NSMutableArray+DdFPadPadPageOrder.h */,
				55D69448143F5F2D00DFE8EF /* NSMutableArray+DdFPadPadPageOrder.m */,
				55FF87A51445958E00807691 /* DdFPadPadPageLineInformation.h */,
				55FF87A61445958E00807691 /* DdFPadPadPageLineInformation.m */,
			);
			name = Model;
			sourceTree = "<group>";
		};
		551872581434A300009125A6 /* View */ = {
			isa = PBXGroup;
			children = (
				551872691435D29A009125A6 /* DdFPadPadPageView.h */,
				5518726A1435D29A009125A6 /* DdFPadPadPageView.m */,
			);
			name = View;
			sourceTree = "<group>";
		};
		5518727814360840009125A6 /* External */ = {
			isa = PBXGroup;
			children = (
				5518727914360865009125A6 /* JSON */,
			);
			path = External;
			sourceTree = "<group>";
		};
		5518727914360865009125A6 /* JSON */ = {
			isa = PBXGroup;
			children = (
				55FC97131439FB1600C508F9 /* JSON.h */,
				55FC97161439FB1600C508F9 /* NSObject+SBJSON.h */,
				55FC97171439FB1600C508F9 /* NSObject+SBJSON.m */,
				55FC97181439FB1600C508F9 /* NSString+SBJSON.h */,
				55FC97191439FB1600C508F9 /* NSString+SBJSON.m */,
				55FC971A1439FB1600C508F9 /* SBJsonBase.h */,
				55FC971B1439FB1600C508F9 /* SBJsonBase.m */,
				55FC971C1439FB1600C508F9 /* SBJsonParser.h */,
				55FC971D1439FB1600C508F9 /* SBJsonParser.m */,
				55FC971E1439FB1600C508F9 /* SBJsonWriter.h */,
				55FC971F1439FB1600C508F9 /* SBJsonWriter.m */,
			);
			path = JSON;
			sourceTree = "<group>";
		};
		553A668814333A8900503CC7 = {
			isa = PBXGroup;
			children = (
				553A669D14333A8900503CC7 /* PadPad */,
				553A66C114333A8900503CC7 /* PadPadTests */,
				553A669614333A8900503CC7 /* Frameworks */,
				553A669414333A8900503CC7 /* Products */,
			);
			sourceTree = "<group>";
		};
		553A669414333A8900503CC7 /* Products */ = {
			isa = PBXGroup;
			children = (
				553A669314333A8900503CC7 /* PadPad.app */,
				553A66BA14333A8900503CC7 /* PadPadTests.octest */,
			);
			name = Products;
			sourceTree = "<group>";
		};
		553A669614333A8900503CC7 /* Frameworks */ = {
			isa = PBXGroup;
			children = (
				5518726C1435D6B5009125A6 /* QuartzCore.framework */,
				553A669714333A8900503CC7 /* UIKit.framework */,
				553A669914333A8900503CC7 /* Foundation.framework */,
				553A669B14333A8900503CC7 /* CoreGraphics.framework */,
				553A66BB14333A8900503CC7 /* SenTestingKit.framework */,
			);
			name = Frameworks;
			sourceTree = "<group>";
		};
		553A669D14333A8900503CC7 /* PadPad */ = {
			isa = PBXGroup;
			children = (
				55FF877F143DE32000807691 /* PadPad.entitlements */,
				5518727814360840009125A6 /* External */,
				551872511434A07E009125A6 /* Assets */,
				551872561434A2D3009125A6 /* Application */,
				551872571434A2EC009125A6 /* Model */,
				551872581434A300009125A6 /* View */,
				551872551434A2BA009125A6 /* Controllers */,
				55FC9729143A051300C508F9 /* Utils */,
				553A669E14333A8900503CC7 /* Supporting Files */,
			);
			path = PadPad;
			sourceTree = "<group>";
		};
		553A669E14333A8900503CC7 /* Supporting Files */ = {
			isa = PBXGroup;
			children = (
				553A669F14333A8900503CC7 /* PadPad-Info.plist */,
				553A66A014333A8900503CC7 /* InfoPlist.strings */,
				553A66A314333A8900503CC7 /* main.m */,
				553A66A514333A8900503CC7 /* PadPad-Prefix.pch */,
			);
			name = "Supporting Files";
			sourceTree = "<group>";
		};
		553A66C114333A8900503CC7 /* PadPadTests */ = {
			isa = PBXGroup;
			children = (
				55FC9736143B1A2100C508F9 /* Utils */,
				559C105D1439BFCB00FBD055 /* Model */,
				553A66C214333A8900503CC7 /* Supporting Files */,
			);
			path = PadPadTests;
			sourceTree = "<group>";
		};
		553A66C214333A8900503CC7 /* Supporting Files */ = {
			isa = PBXGroup;
			children = (
				553A66C314333A8900503CC7 /* PadPadTests-Info.plist */,
				553A66C414333A8900503CC7 /* InfoPlist.strings */,
			);
			name = "Supporting Files";
			sourceTree = "<group>";
		};
		559C105D1439BFCB00FBD055 /* Model */ = {
			isa = PBXGroup;
			children = (
				559C105E1439BFF800FBD055 /* DdFPadPadLinePointTests.h */,
				559C105F1439BFF800FBD055 /* DdFPadPadLinePointTests.m */,
				559C10621439C3BD00FBD055 /* CGDdFPadPadUtilsTests.h */,
				559C10631439C3BD00FBD055 /* CGDdFPadPadUtilsTests.m */,
				559C10651439C50800FBD055 /* DdFPadPadLineTests.h */,
				559C10661439C50800FBD055 /* DdFPadPadLineTests.m */,
				55FC9730143A099100C508F9 /* DdFPadPadBookInfoTests.h */,
				55FC9731143A099100C508F9 /* DdFPadPadBookInfoTests.m */,
				55FF877B143DC6FE00807691 /* DdFPadPadBookTests.h */,
				55FF877C143DC6FE00807691 /* DdFPadPadBookTests.m */,
				55D6944D143F61E000DFE8EF /* NSMutableArray+DdFPadPadPagOrderTests.h */,
				55D6944E143F61E000DFE8EF /* NSMutableArray+DdFPadPadPagOrderTests.m */,
				55059EB714430B97003B62A7 /* DdFPadPadInkTests.h */,
				55059EB814430B98003B62A7 /* DdFPadPadInkTests.m */,
				55FF87A914459B2D00807691 /* DdFPadPadPageLineInformationTests.h */,
				55FF87AA14459B2D00807691 /* DdFPadPadPageLineInformationTests.m */,
				55004C5F144C6BF3006A4FA5 /* DdFPadPadPaperTests.h */,
				55004C60144C6BF3006A4FA5 /* DdFPadPadPaperTests.m */,
				55004C63144DBB5E006A4FA5 /* DdFPadPadPageTests.h */,
				55004C64144DBB5E006A4FA5 /* DdFPadPadPageTests.m */,
				55004C661451B3F5006A4FA5 /* DdFPadPadPagesTest.h */,
				55004C671451B3F6006A4FA5 /* DdFPadPadPagesTest.m */,
			);
			name = Model;
			sourceTree = "<group>";
		};
		55FC9729143A051300C508F9 /* Utils */ = {
			isa = PBXGroup;
			children = (
				55FC972A143A05BC00C508F9 /* DdFStringUtils.h */,
				55FC972B143A05BC00C508F9 /* DdFStringUtils.m */,
				55FC972D143A088F00C508F9 /* DdFTimeSource.h */,
				55FC972E143A088F00C508F9 /* DdFTimeSource.m */,
				55FC9733143B189A00C508F9 /* NSDate+DdFFormatting.h */,
				55FC9734143B189A00C508F9 /* NSDate+DdFFormatting.m */,
				55059EBD14430ED7003B62A7 /* UIColor+DdFJSON.h */,
				55059EBE14430ED7003B62A7 /* UIColor+DdFJSON.m */,
				55FF87901443185600807691 /* NSString+DdFJSON.h */,
				55FF87911443185600807691 /* NSString+DdFJSON.m */,
				55FF8796144329D700807691 /* NSDictionary+DdFJSON.h */,
				55FF8797144329D700807691 /* NSDictionary+DdFJSON.m */,
				55FF87991443346300807691 /* DdFCGUtils.h */,
			);
			name = Utils;
			sourceTree = "<group>";
		};
		55FC9736143B1A2100C508F9 /* Utils */ = {
			isa = PBXGroup;
			children = (
				55FC9737143B1A4300C508F9 /* NSDate+DdFFormattingTests.h */,
				55FC9738143B1A4300C508F9 /* NSDate+DdFFormattingTests.m */,
				55FF878C1443131400807691 /* UIColor+DdFJSONTests.h */,
				55FF878D1443131400807691 /* UIColor+DdFJSONTests.m */,
				55FF879314431B8200807691 /* NSString+DdFJSONTests.h */,
				55FF879414431B8200807691 /* NSString+DdFJSONTests.m */,
				55FF879A144335BB00807691 /* DdFCGUtilsTests.h */,
				55FF879B144335BB00807691 /* DdFCGUtilsTests.m */,
			);
			name = Utils;
			sourceTree = "<group>";
		};
/* End PBXGroup section */

/* Begin PBXNativeTarget section */
		553A669214333A8900503CC7 /* PadPad */ = {
			isa = PBXNativeTarget;
			buildConfigurationList = 553A66CC14333A8A00503CC7 /* Build configuration list for PBXNativeTarget "PadPad" */;
			buildPhases = (
				553A668F14333A8900503CC7 /* Sources */,
				553A669014333A8900503CC7 /* Frameworks */,
				553A669114333A8900503CC7 /* Resources */,
			);
			buildRules = (
			);
			dependencies = (
			);
			name = PadPad;
			productName = PadPad;
			productReference = 553A669314333A8900503CC7 /* PadPad.app */;
			productType = "com.apple.product-type.application";
		};
		553A66B914333A8900503CC7 /* PadPadTests */ = {
			isa = PBXNativeTarget;
			buildConfigurationList = 553A66CF14333A8A00503CC7 /* Build configuration list for PBXNativeTarget "PadPadTests" */;
			buildPhases = (
				553A66B514333A8900503CC7 /* Sources */,
				553A66B614333A8900503CC7 /* Frameworks */,
				553A66B714333A8900503CC7 /* Resources */,
				553A66B814333A8900503CC7 /* ShellScript */,
			);
			buildRules = (
			);
			dependencies = (
				553A66C014333A8900503CC7 /* PBXTargetDependency */,
			);
			name = PadPadTests;
			productName = PadPadTests;
			productReference = 553A66BA14333A8900503CC7 /* PadPadTests.octest */;
			productType = "com.apple.product-type.bundle";
		};
/* End PBXNativeTarget section */

/* Begin PBXProject section */
		553A668A14333A8900503CC7 /* Project object */ = {
			isa = PBXProject;
			attributes = {
				LastUpgradeCheck = 0420;
			};
			buildConfigurationList = 553A668D14333A8900503CC7 /* Build configuration list for PBXProject "PadPad" */;
			compatibilityVersion = "Xcode 3.2";
			developmentRegion = English;
			hasScannedForEncodings = 0;
			knownRegions = (
				en,
			);
			mainGroup = 553A668814333A8900503CC7;
			productRefGroup = 553A669414333A8900503CC7 /* Products */;
			projectDirPath = "";
			projectRoot = "";
			targets = (
				553A669214333A8900503CC7 /* PadPad */,
				553A66B914333A8900503CC7 /* PadPadTests */,
			);
		};
/* End PBXProject section */

/* Begin PBXResourcesBuildPhase section */
		553A669114333A8900503CC7 /* Resources */ = {
			isa = PBXResourcesBuildPhase;
			buildActionMask = 2147483647;
			files = (
				553A66A214333A8900503CC7 /* InfoPlist.strings in Resources */,
				553A66B414333A8900503CC7 /* MainStoryboard.storyboard in Resources */,
				551872541434A0D3009125A6 /* photo-camera.png in Resources */,
			);
			runOnlyForDeploymentPostprocessing = 0;
		};
		553A66B714333A8900503CC7 /* Resources */ = {
			isa = PBXResourcesBuildPhase;
			buildActionMask = 2147483647;
			files = (
				553A66C614333A8900503CC7 /* InfoPlist.strings in Resources */,
			);
			runOnlyForDeploymentPostprocessing = 0;
		};
/* End PBXResourcesBuildPhase section */

/* Begin PBXShellScriptBuildPhase section */
		553A66B814333A8900503CC7 /* ShellScript */ = {
			isa = PBXShellScriptBuildPhase;
			buildActionMask = 2147483647;
			files = (
			);
			inputPaths = (
			);
			outputPaths = (
			);
			runOnlyForDeploymentPostprocessing = 0;
			shellPath = /bin/sh;
			shellScript = "# Run the unit tests in this test bundle.\n\"${SYSTEM_DEVELOPER_DIR}/Tools/RunUnitTests\"\n";
		};
/* End PBXShellScriptBuildPhase section */

/* Begin PBXSourcesBuildPhase section */
		553A668F14333A8900503CC7 /* Sources */ = {
			isa = PBXSourcesBuildPhase;
			buildActionMask = 2147483647;
			files = (
				553A66A414333A8900503CC7 /* main.m in Sources */,
				553A66A814333A8900503CC7 /* DdfPadPadAppDelegate.m in Sources */,
				553A66AB14333A8900503CC7 /* DdfPadPadRootViewController.m in Sources */,
				553A66AE14333A8900503CC7 /* DdfPadPadDataViewController.m in Sources */,
				553A66B114333A8900503CC7 /* DdfPadPadModelController.m in Sources */,
				5518725B1434ABC1009125A6 /* DdFPadPadPage.m in Sources */,
				551872681435D202009125A6 /* DdFPadPadBook.m in Sources */,
				5518726B1435D29A009125A6 /* DdFPadPadPageView.m in Sources */,
				551872701436015E009125A6 /* DdFPadPadPaper.m in Sources */,
				5518727714360436009125A6 /* DdFPadPadInk.m in Sources */,
				559C10581439B8B900FBD055 /* DdFPadPadLine.m in Sources */,
				559C105C1439BC4000FBD055 /* DdFPadPadLinePoint.m in Sources */,
				55FC97211439FB1600C508F9 /* NSObject+SBJSON.m in Sources */,
				55FC97221439FB1600C508F9 /* NSString+SBJSON.m in Sources */,
				55FC97231439FB1600C508F9 /* SBJsonBase.m in Sources */,
				55FC97241439FB1600C508F9 /* SBJsonParser.m in Sources */,
				55FC97251439FB1600C508F9 /* SBJsonWriter.m in Sources */,
				55FC97281439FCDC00C508F9 /* DdFPadPadBookInfo.m in Sources */,
				55FC972C143A05BC00C508F9 /* DdFStringUtils.m in Sources */,
				55FC972F143A088F00C508F9 /* DdFTimeSource.m in Sources */,
				55FC973A143B1A4D00C508F9 /* NSDate+DdFFormatting.m in Sources */,
				55FF8787143DF97700807691 /* DdFPadPadCloudValueStore.m in Sources */,
				55D69445143F109400DFE8EF /* DdFPadPadBookRepository.m in Sources */,
				55D69449143F5F2D00DFE8EF /* NSMutableArray+DdFPadPadPageOrder.m in Sources */,
				55059EB5144304C5003B62A7 /* DdFPadPadPages.m in Sources */,
				55059EBF14430ED7003B62A7 /* UIColor+DdFJSON.m in Sources */,
				55FF87921443185600807691 /* NSString+DdFJSON.m in Sources */,
				55FF8798144329D700807691 /* NSDictionary+DdFJSON.m in Sources */,
				55FF87A71445958E00807691 /* DdFPadPadPageLineInformation.m in Sources */,
			);
			runOnlyForDeploymentPostprocessing = 0;
		};
		553A66B514333A8900503CC7 /* Sources */ = {
			isa = PBXSourcesBuildPhase;
			buildActionMask = 2147483647;
			files = (
				559C10601439BFF800FBD055 /* DdFPadPadLinePointTests.m in Sources */,
				559C10641439C3BD00FBD055 /* CGDdFPadPadUtilsTests.m in Sources */,
				559C10671439C50800FBD055 /* DdFPadPadLineTests.m in Sources */,
				55FC9732143A099100C508F9 /* DdFPadPadBookInfoTests.m in Sources */,
				55FC9739143B1A4300C508F9 /* NSDate+DdFFormattingTests.m in Sources */,
				55FF877D143DC6FE00807691 /* DdFPadPadBookTests.m in Sources */,
				55D6944F143F61E000DFE8EF /* NSMutableArray+DdFPadPadPagOrderTests.m in Sources */,
				55059EB914430B98003B62A7 /* DdFPadPadInkTests.m in Sources */,
				55FF878E1443131400807691 /* UIColor+DdFJSONTests.m in Sources */,
				55FF879514431B8200807691 /* NSString+DdFJSONTests.m in Sources */,
				55FF879C144335BB00807691 /* DdFCGUtilsTests.m in Sources */,
				55FF87AB14459B2D00807691 /* DdFPadPadPageLineInformationTests.m in Sources */,
				55004C61144C6BF3006A4FA5 /* DdFPadPadPaperTests.m in Sources */,
				55004C65144DBB5E006A4FA5 /* DdFPadPadPageTests.m in Sources */,
				55004C681451B3F6006A4FA5 /* DdFPadPadPagesTest.m in Sources */,
			);
			runOnlyForDeploymentPostprocessing = 0;
		};
/* End PBXSourcesBuildPhase section */

/* Begin PBXTargetDependency section */
		553A66C014333A8900503CC7 /* PBXTargetDependency */ = {
			isa = PBXTargetDependency;
			target = 553A669214333A8900503CC7 /* PadPad */;
			targetProxy = 553A66BF14333A8900503CC7 /* PBXContainerItemProxy */;
		};
/* End PBXTargetDependency section */

/* Begin PBXVariantGroup section */
		553A66A014333A8900503CC7 /* InfoPlist.strings */ = {
			isa = PBXVariantGroup;
			children = (
				553A66A114333A8900503CC7 /* en */,
			);
			name = InfoPlist.strings;
			sourceTree = "<group>";
		};
		553A66B214333A8900503CC7 /* MainStoryboard.storyboard */ = {
			isa = PBXVariantGroup;
			children = (
				553A66B314333A8900503CC7 /* en */,
			);
			name = MainStoryboard.storyboard;
			sourceTree = "<group>";
		};
		553A66C414333A8900503CC7 /* InfoPlist.strings */ = {
			isa = PBXVariantGroup;
			children = (
				553A66C514333A8900503CC7 /* en */,
			);
			name = InfoPlist.strings;
			sourceTree = "<group>";
		};
/* End PBXVariantGroup section */

/* Begin XCBuildConfiguration section */
		553A66CA14333A8A00503CC7 /* Debug */ = {
			isa = XCBuildConfiguration;
			buildSettings = {
				ALWAYS_SEARCH_USER_PATHS = NO;
				ARCHS = "$(ARCHS_STANDARD_32_BIT)";
				CLANG_ENABLE_OBJC_ARC = YES;
				"CODE_SIGN_IDENTITY[sdk=iphoneos*]" = "iPhone Developer";
				COPY_PHASE_STRIP = NO;
				GCC_C_LANGUAGE_STANDARD = gnu99;
				GCC_DYNAMIC_NO_PIC = NO;
				GCC_OPTIMIZATION_LEVEL = 0;
				GCC_PREPROCESSOR_DEFINITIONS = (
					"DEBUG=1",
					"$(inherited)",
				);
				GCC_SYMBOLS_PRIVATE_EXTERN = NO;
				GCC_VERSION = com.apple.compilers.llvm.clang.1_0;
				GCC_WARN_ABOUT_MISSING_PROTOTYPES = YES;
				GCC_WARN_ABOUT_RETURN_TYPE = YES;
				GCC_WARN_UNUSED_VARIABLE = YES;
				IPHONEOS_DEPLOYMENT_TARGET = 5.0;
				SDKROOT = iphoneos;
				TARGETED_DEVICE_FAMILY = 2;
			};
			name = Debug;
		};
		553A66CB14333A8A00503CC7 /* Release */ = {
			isa = XCBuildConfiguration;
			buildSettings = {
				ALWAYS_SEARCH_USER_PATHS = NO;
				ARCHS = "$(ARCHS_STANDARD_32_BIT)";
				CLANG_ENABLE_OBJC_ARC = YES;
				"CODE_SIGN_IDENTITY[sdk=iphoneos*]" = "iPhone Developer";
				COPY_PHASE_STRIP = YES;
				GCC_C_LANGUAGE_STANDARD = gnu99;
				GCC_VERSION = com.apple.compilers.llvm.clang.1_0;
				GCC_WARN_ABOUT_MISSING_PROTOTYPES = YES;
				GCC_WARN_ABOUT_RETURN_TYPE = YES;
				GCC_WARN_UNUSED_VARIABLE = YES;
				IPHONEOS_DEPLOYMENT_TARGET = 5.0;
				OTHER_CFLAGS = "-DNS_BLOCK_ASSERTIONS=1";
				SDKROOT = iphoneos;
				TARGETED_DEVICE_FAMILY = 2;
				VALIDATE_PRODUCT = YES;
			};
			name = Release;
		};
		553A66CD14333A8A00503CC7 /* Debug */ = {
			isa = XCBuildConfiguration;
			buildSettings = {
				CODE_SIGN_ENTITLEMENTS = PadPad/PadPad.entitlements;
				CODE_SIGN_IDENTITY = "iPhone Developer: D F de Florinier (MQC6CUY786)";
				"CODE_SIGN_IDENTITY[sdk=iphoneos*]" = "iPhone Developer: D F de Florinier (MQC6CUY786)";
				GCC_PRECOMPILE_PREFIX_HEADER = YES;
				GCC_PREFIX_HEADER = "PadPad/PadPad-Prefix.pch";
				INFOPLIST_FILE = "PadPad/PadPad-Info.plist";
				PRODUCT_NAME = "$(TARGET_NAME)";
				PROVISIONING_PROFILE = "7CD1C827-20F6-402D-96CD-723A277B5DDD";
				"PROVISIONING_PROFILE[sdk=iphoneos*]" = "7CD1C827-20F6-402D-96CD-723A277B5DDD";
				WRAPPER_EXTENSION = app;
			};
			name = Debug;
		};
		553A66CE14333A8A00503CC7 /* Release */ = {
			isa = XCBuildConfiguration;
			buildSettings = {
				CODE_SIGN_ENTITLEMENTS = PadPad/PadPad.entitlements;
				CODE_SIGN_IDENTITY = "iPhone Developer: D F de Florinier (MQC6CUY786)";
				"CODE_SIGN_IDENTITY[sdk=iphoneos*]" = "iPhone Developer: D F de Florinier (MQC6CUY786)";
				GCC_PRECOMPILE_PREFIX_HEADER = YES;
				GCC_PREFIX_HEADER = "PadPad/PadPad-Prefix.pch";
				INFOPLIST_FILE = "PadPad/PadPad-Info.plist";
				PRODUCT_NAME = "$(TARGET_NAME)";
				PROVISIONING_PROFILE = "7CD1C827-20F6-402D-96CD-723A277B5DDD";
				"PROVISIONING_PROFILE[sdk=iphoneos*]" = "7CD1C827-20F6-402D-96CD-723A277B5DDD";
				WRAPPER_EXTENSION = app;
			};
			name = Release;
		};
		553A66D014333A8A00503CC7 /* Debug */ = {
			isa = XCBuildConfiguration;
			buildSettings = {
				BUNDLE_LOADER = "$(BUILT_PRODUCTS_DIR)/PadPad.app/PadPad";
				FRAMEWORK_SEARCH_PATHS = (
					"$(SDKROOT)/Developer/Library/Frameworks",
					"$(DEVELOPER_LIBRARY_DIR)/Frameworks",
				);
				GCC_PRECOMPILE_PREFIX_HEADER = YES;
				GCC_PREFIX_HEADER = "PadPad/PadPad-Prefix.pch";
				INFOPLIST_FILE = "PadPadTests/PadPadTests-Info.plist";
				PRODUCT_NAME = "$(TARGET_NAME)";
				TEST_HOST = "$(BUNDLE_LOADER)";
				WRAPPER_EXTENSION = octest;
			};
			name = Debug;
		};
		553A66D114333A8A00503CC7 /* Release */ = {
			isa = XCBuildConfiguration;
			buildSettings = {
				BUNDLE_LOADER = "$(BUILT_PRODUCTS_DIR)/PadPad.app/PadPad";
				FRAMEWORK_SEARCH_PATHS = (
					"$(SDKROOT)/Developer/Library/Frameworks",
					"$(DEVELOPER_LIBRARY_DIR)/Frameworks",
				);
				GCC_PRECOMPILE_PREFIX_HEADER = YES;
				GCC_PREFIX_HEADER = "PadPad/PadPad-Prefix.pch";
				INFOPLIST_FILE = "PadPadTests/PadPadTests-Info.plist";
				PRODUCT_NAME = "$(TARGET_NAME)";
				TEST_HOST = "$(BUNDLE_LOADER)";
				WRAPPER_EXTENSION = octest;
			};
			name = Release;
		};
/* End XCBuildConfiguration section */

/* Begin XCConfigurationList section */
		553A668D14333A8900503CC7 /* Build configuration list for PBXProject "PadPad" */ = {
			isa = XCConfigurationList;
			buildConfigurations = (
				553A66CA14333A8A00503CC7 /* Debug */,
				553A66CB14333A8A00503CC7 /* Release */,
			);
			defaultConfigurationIsVisible = 0;
			defaultConfigurationName = Release;
		};
		553A66CC14333A8A00503CC7 /* Build configuration list for PBXNativeTarget "PadPad" */ = {
			isa = XCConfigurationList;
			buildConfigurations = (
				553A66CD14333A8A00503CC7 /* Debug */,
				553A66CE14333A8A00503CC7 /* Release */,
			);
			defaultConfigurationIsVisible = 0;
			defaultConfigurationName = Release;
		};
		553A66CF14333A8A00503CC7 /* Build configuration list for PBXNativeTarget "PadPadTests" */ = {
			isa = XCConfigurationList;
			buildConfigurations = (
				553A66D014333A8A00503CC7 /* Debug */,
				553A66D114333A8A00503CC7 /* Release */,
			);
			defaultConfigurationIsVisible = 0;
			defaultConfigurationName = Release;
		};
/* End XCConfigurationList section */
	};
	rootObject = 553A668A14333A8900503CC7 /* Project object */;
}
